
Microsoft Visual Studio Solution File, Format Version 12.00
# Visual Studio Version 16
VisualStudioVersion = 16.0.33927.289
MinimumVisualStudioVersion = 10.0.40219.1
Project("{2150E333-8FDC-42A3-9474-1A3956D46DE8}") = "Task0", "Task0", "{2545FDEF-37CF-49C6-A0A9-4C8F4D049C2B}"
EndProject
Project("{FAE04EC0-301F-11D3-BF4B-00C04F79EFBC}") = "Tyuiu.KorotchenkoDM.Sprint0.Task0.V0", "Tyuiu.KorotchenkoDM.Sprint0.Task0.V0\Tyuiu.KorotchenkoDM.Sprint0.Task0.V0.csproj", "{3C8BA72C-DEB5-4BE6-B0F2-599493049B00}"
EndProject
Project("{2150E333-8FDC-42A3-9474-1A3956D46DE8}") = "Task1", "Task1", "{DE18369F-CA23-4BB1-B10C-BD8728D08F7B}"
EndProject
Project("{FAE04EC0-301F-11D3-BF4B-00C04F79EFBC}") = "Tyuiu.KorotchenkoDM.Sprint0.Task1.V0", "Tyuiu.KorotchenkoDM.Sprint0.Task1.V0\Tyuiu.KorotchenkoDM.Sprint0.Task1.V0.csproj", "{24881920-114F-41AB-BD2B-EBF0232572B2}"
EndProject
Project("{2150E333-8FDC-42A3-9474-1A3956D46DE8}") = "Task2", "Task2", "{755ADE1C-EA3B-4941-A7AE-1B3D830F17A1}"
EndProject
Project("{FAE04EC0-301F-11D3-BF4B-00C04F79EFBC}") = "Tyuiu.KorotchenkoDM.Sprint0.Task2.V0", "Tyuiu.KorotchenkoDM.Sprint0.Task2.V0\Tyuiu.KorotchenkoDM.Sprint0.Task2.V0.csproj", "{EBF2FEFA-D67D-4D33-A9B9-59310A2300A7}"
EndProject
Project("{FAE04EC0-301F-11D3-BF4B-00C04F79EFBC}") = "Tyuiu.KorotchenkoDM.Sprint0.Task2.V0.Lib", "Tyuiu.KorotchenkoDM.Sprint0.Task2.V0.Lib\Tyuiu.KorotchenkoDM.Sprint0.Task2.V0.Lib.csproj", "{CDF40C8F-E513-42E0-9276-0046067411C7}"
EndProject
Project("{FAE04EC0-301F-11D3-BF4B-00C04F79EFBC}") = "Tyuiu.KorotchenkoDM.Sprint0.Task2.V0.Test", "Tyuiu.KorotchenkoDM.Sprint0.Task2.V0.Test\Tyuiu.KorotchenkoDM.Sprint0.Task2.V0.Test.csproj", "{2129DEED-FBE8-482E-A714-5F2DD69E9FE7}"
EndProject
Project("{2150E333-8FDC-42A3-9474-1A3956D46DE8}") = "Task3", "Task3", "{39FBBFBE-34F3-444B-BD0F-D41CACE04CB3}"
EndProject
Project("{FAE04EC0-301F-11D3-BF4B-00C04F79EFBC}") = "Tyuiu.KorotchenkoDM.Sprint0.Task3.V0", "Tyuiu.KorotchenkoDM.Sprint0.Task3.V0\Tyuiu.KorotchenkoDM.Sprint0.Task3.V0.csproj", "{23AF1CBB-CD71-4EAB-9B04-52093E890103}"
EndProject
Project("{FAE04EC0-301F-11D3-BF4B-00C04F79EFBC}") = "Tyuiu.KorotchenkoDM.Sprint0.Task3.V0.Lib", "Tyuiu.KorotchenkoDM.Sprint0.Task3.V0.Lib\Tyuiu.KorotchenkoDM.Sprint0.Task3.V0.Lib.csproj", "{B9276D3F-D95B-46B2-BEC2-FC31F7EBDF6B}"
EndProject
Project("{FAE04EC0-301F-11D3-BF4B-00C04F79EFBC}") = "Tyuiu.KorotchenkoDM.Sprint0.Task3.V0.Test", "Tyuiu.KorotchenkoDM.Sprint0.Task3.V0.Test\Tyuiu.KorotchenkoDM.Sprint0.Task3.V0.Test.csproj", "{2F0FE133-1796-4417-8D42-015D957675D7}"
EndProject
Project("{2150E333-8FDC-42A3-9474-1A3956D46DE8}") = "Task4", "Task4", "{6BD6DB4E-B361-4251-9921-A9E0A1DFE848}"
EndProject
Project("{FAE04EC0-301F-11D3-BF4B-00C04F79EFBC}") = "Tyuiu.KorotchenkoDM.Sprint0.Task4.V0", "Tyuiu.KorotchenkoDM.Sprint0.Task4.V0\Tyuiu.KorotchenkoDM.Sprint0.Task4.V0.csproj", "{5CDEBC16-7D10-4F32-901D-E5AFCCAE33E4}"
EndProject
Project("{FAE04EC0-301F-11D3-BF4B-00C04F79EFBC}") = "Tyuiu.KorotchenkoDM.Sprint0.Task4.V0.Lib", "Tyuiu.KorotchenkoDM.Sprint0.Task4.V0.Lib\Tyuiu.KorotchenkoDM.Sprint0.Task4.V0.Lib.csproj", "{E64E437E-896A-4FD7-955B-F81B99C5A25B}"
EndProject
Project("{FAE04EC0-301F-11D3-BF4B-00C04F79EFBC}") = "Tyuiu.KorotchenkoDM.Sprint0.Task4.V0.Test", "Tyuiu.KorotchenkoDM.Sprint0.Task4.V0.Test\Tyuiu.KorotchenkoDM.Sprint0.Task4.V0.Test.csproj", "{4587ED45-EB71-4F66-AFCA-EB4B3A0C1955}"
EndProject
Project("{2150E333-8FDC-42A3-9474-1A3956D46DE8}") = "Task5", "Task5", "{9B88B50C-21F7-4F75-A242-B1E36AD0CF9E}"
EndProject
Project("{FAE04EC0-301F-11D3-BF4B-00C04F79EFBC}") = "Tyuiu.KorotchenkoDM.Sprint0.Task5.V0", "Tyuiu.KorotchenkoDM.Sprint0.Task5.V0\Tyuiu.KorotchenkoDM.Sprint0.Task5.V0.csproj", "{158DCE4D-2BC7-4362-BB73-73DA0337E538}"
EndProject
Project("{FAE04EC0-301F-11D3-BF4B-00C04F79EFBC}") = "Tyuiu.KorotchenkoDM.Sprint0.Task5.V0.Lib", "Tyuiu.KorotchenkoDM.Sprint0.Task5.V0.Lib\Tyuiu.KorotchenkoDM.Sprint0.Task5.V0.Lib.csproj", "{5EDD67D1-0CEE-48BE-8117-40036F0423C3}"
EndProject
Project("{FAE04EC0-301F-11D3-BF4B-00C04F79EFBC}") = "Tyuiu.KorotchenkoDM.Sprint0.Task5.V0.Test", "Tyuiu.KorotchenkoDM.Sprint0.Task5.V0.Test\Tyuiu.KorotchenkoDM.Sprint0.Task5.V0.Test.csproj", "{5313800B-29C3-46EF-BD4E-01CA6924AEEB}"
EndProject
Project("{2150E333-8FDC-42A3-9474-1A3956D46DE8}") = "Task6", "Task6", "{788C98CA-F020-4980-BF4D-6FA1333E2C1A}"
EndProject
Project("{FAE04EC0-301F-11D3-BF4B-00C04F79EFBC}") = "Tyuiu.KorotchenkoDM.Sprint0.Task6.V0", "Tyuiu.KorotchenkoDM.Sprint0.Task6.V0\Tyuiu.KorotchenkoDM.Sprint0.Task6.V0.csproj", "{8550F9DB-DF76-4C7E-840D-36BFA606ADEA}"
EndProject
Project("{FAE04EC0-301F-11D3-BF4B-00C04F79EFBC}") = "Tyuiu.KorotchenkoDM.Sprint0.Task6.V0.Lib", "Tyuiu.KorotchenkoDM.Sprint0.Task6.V0.Lib\Tyuiu.KorotchenkoDM.Sprint0.Task6.V0.Lib.csproj", "{B3202A09-D26B-4573-9FB4-9CAC0ACA6F14}"
EndProject
Project("{FAE04EC0-301F-11D3-BF4B-00C04F79EFBC}") = "Tyuiu.KorotchenkoDM.Sprint0.Task6.V0.Test", "Tyuiu.KorotchenkoDM.Sprint0.Task6.V0.Test\Tyuiu.KorotchenkoDM.Sprint0.Task6.V0.Test.csproj", "{F37EF014-A9F4-4833-8E81-90189C359359}"
EndProject
Project("{2150E333-8FDC-42A3-9474-1A3956D46DE8}") = "Task7", "Task7", "{A3007D0C-0C8F-4603-A7BA-E6CC84697187}"
EndProject
Project("{FAE04EC0-301F-11D3-BF4B-00C04F79EFBC}") = "Tyuiu.KorotchenkoDM.Sprint0.Task7.V0", "Tyuiu.KorotchenkoDM.Sprint0.Task7.V0\Tyuiu.KorotchenkoDM.Sprint0.Task7.V0.csproj", "{8160DB60-0F83-4C54-854B-A860557BFF24}"
EndProject
Project("{FAE04EC0-301F-11D3-BF4B-00C04F79EFBC}") = "Tyuiu.KorotchenkoDM.Sprint0.Task7.V0.Lib", "Tyuiu.KorotchenkoDM.Sprint0.Task7.V0.Lib\Tyuiu.KorotchenkoDM.Sprint0.Task7.V0.Lib.csproj", "{272A5539-5263-4291-A82E-C019266DF9EE}"
EndProject
Project("{FAE04EC0-301F-11D3-BF4B-00C04F79EFBC}") = "Tyuiu.KorotchenkoDM.Sprint0.Task7.V0.Test", "Tyuiu.KorotchenkoDM.Sprint0.Task7.V0.Test\Tyuiu.KorotchenkoDM.Sprint0.Task7.V0.Test.csproj", "{597A4607-E8DE-42B0-932D-A23C7EDBEF6A}"
EndProject
Global
	GlobalSection(SolutionConfigurationPlatforms) = preSolution
		Debug|Any CPU = Debug|Any CPU
		Release|Any CPU = Release|Any CPU
	EndGlobalSection
	GlobalSection(ProjectConfigurationPlatforms) = postSolution
		{3C8BA72C-DEB5-4BE6-B0F2-599493049B00}.Debug|Any CPU.ActiveCfg = Debug|Any CPU
		{3C8BA72C-DEB5-4BE6-B0F2-599493049B00}.Debug|Any CPU.Build.0 = Debug|Any CPU
		{3C8BA72C-DEB5-4BE6-B0F2-599493049B00}.Release|Any CPU.ActiveCfg = Release|Any CPU
		{3C8BA72C-DEB5-4BE6-B0F2-599493049B00}.Release|Any CPU.Build.0 = Release|Any CPU
		{24881920-114F-41AB-BD2B-EBF0232572B2}.Debug|Any CPU.ActiveCfg = Debug|Any CPU
		{24881920-114F-41AB-BD2B-EBF0232572B2}.Debug|Any CPU.Build.0 = Debug|Any CPU
		{24881920-114F-41AB-BD2B-EBF0232572B2}.Release|Any CPU.ActiveCfg = Release|Any CPU
		{24881920-114F-41AB-BD2B-EBF0232572B2}.Release|Any CPU.Build.0 = Release|Any CPU
		{EBF2FEFA-D67D-4D33-A9B9-59310A2300A7}.Debug|Any CPU.ActiveCfg = Debug|Any CPU
		{EBF2FEFA-D67D-4D33-A9B9-59310A2300A7}.Debug|Any CPU.Build.0 = Debug|Any CPU
		{EBF2FEFA-D67D-4D33-A9B9-59310A2300A7}.Release|Any CPU.ActiveCfg = Release|Any CPU
		{EBF2FEFA-D67D-4D33-A9B9-59310A2300A7}.Release|Any CPU.Build.0 = Release|Any CPU
		{CDF40C8F-E513-42E0-9276-0046067411C7}.Debug|Any CPU.ActiveCfg = Debug|Any CPU
		{CDF40C8F-E513-42E0-9276-0046067411C7}.Debug|Any CPU.Build.0 = Debug|Any CPU
		{CDF40C8F-E513-42E0-9276-0046067411C7}.Release|Any CPU.ActiveCfg = Release|Any CPU
		{CDF40C8F-E513-42E0-9276-0046067411C7}.Release|Any CPU.Build.0 = Release|Any CPU
		{2129DEED-FBE8-482E-A714-5F2DD69E9FE7}.Debug|Any CPU.ActiveCfg = Debug|Any CPU
		{2129DEED-FBE8-482E-A714-5F2DD69E9FE7}.Debug|Any CPU.Build.0 = Debug|Any CPU
		{2129DEED-FBE8-482E-A714-5F2DD69E9FE7}.Release|Any CPU.ActiveCfg = Release|Any CPU
		{2129DEED-FBE8-482E-A714-5F2DD69E9FE7}.Release|Any CPU.Build.0 = Release|Any CPU
		{23AF1CBB-CD71-4EAB-9B04-52093E890103}.Debug|Any CPU.ActiveCfg = Debug|Any CPU
		{23AF1CBB-CD71-4EAB-9B04-52093E890103}.Debug|Any CPU.Build.0 = Debug|Any CPU
		{23AF1CBB-CD71-4EAB-9B04-52093E890103}.Release|Any CPU.ActiveCfg = Release|Any CPU
		{23AF1CBB-CD71-4EAB-9B04-52093E890103}.Release|Any CPU.Build.0 = Release|Any CPU
		{B9276D3F-D95B-46B2-BEC2-FC31F7EBDF6B}.Debug|Any CPU.ActiveCfg = Debug|Any CPU
		{B9276D3F-D95B-46B2-BEC2-FC31F7EBDF6B}.Debug|Any CPU.Build.0 = Debug|Any CPU
		{B9276D3F-D95B-46B2-BEC2-FC31F7EBDF6B}.Release|Any CPU.ActiveCfg = Release|Any CPU
		{B9276D3F-D95B-46B2-BEC2-FC31F7EBDF6B}.Release|Any CPU.Build.0 = Release|Any CPU
		{2F0FE133-1796-4417-8D42-015D957675D7}.Debug|Any CPU.ActiveCfg = Debug|Any CPU
		{2F0FE133-1796-4417-8D42-015D957675D7}.Debug|Any CPU.Build.0 = Debug|Any CPU
		{2F0FE133-1796-4417-8D42-015D957675D7}.Release|Any CPU.ActiveCfg = Release|Any CPU
		{2F0FE133-1796-4417-8D42-015D957675D7}.Release|Any CPU.Build.0 = Release|Any CPU
		{5CDEBC16-7D10-4F32-901D-E5AFCCAE33E4}.Debug|Any CPU.ActiveCfg = Debug|Any CPU
		{5CDEBC16-7D10-4F32-901D-E5AFCCAE33E4}.Debug|Any CPU.Build.0 = Debug|Any CPU
		{5CDEBC16-7D10-4F32-901D-E5AFCCAE33E4}.Release|Any CPU.ActiveCfg = Release|Any CPU
		{5CDEBC16-7D10-4F32-901D-E5AFCCAE33E4}.Release|Any CPU.Build.0 = Release|Any CPU
		{E64E437E-896A-4FD7-955B-F81B99C5A25B}.Debug|Any CPU.ActiveCfg = Debug|Any CPU
		{E64E437E-896A-4FD7-955B-F81B99C5A25B}.Debug|Any CPU.Build.0 = Debug|Any CPU
		{E64E437E-896A-4FD7-955B-F81B99C5A25B}.Release|Any CPU.ActiveCfg = Release|Any CPU
		{E64E437E-896A-4FD7-955B-F81B99C5A25B}.Release|Any CPU.Build.0 = Release|Any CPU
		{4587ED45-EB71-4F66-AFCA-EB4B3A0C1955}.Debug|Any CPU.ActiveCfg = Debug|Any CPU
		{4587ED45-EB71-4F66-AFCA-EB4B3A0C1955}.Debug|Any CPU.Build.0 = Debug|Any CPU
		{4587ED45-EB71-4F66-AFCA-EB4B3A0C1955}.Release|Any CPU.ActiveCfg = Release|Any CPU
		{4587ED45-EB71-4F66-AFCA-EB4B3A0C1955}.Release|Any CPU.Build.0 = Release|Any CPU
		{158DCE4D-2BC7-4362-BB73-73DA0337E538}.Debug|Any CPU.ActiveCfg = Debug|Any CPU
		{158DCE4D-2BC7-4362-BB73-73DA0337E538}.Debug|Any CPU.Build.0 = Debug|Any CPU
		{158DCE4D-2BC7-4362-BB73-73DA0337E538}.Release|Any CPU.ActiveCfg = Release|Any CPU
		{158DCE4D-2BC7-4362-BB73-73DA0337E538}.Release|Any CPU.Build.0 = Release|Any CPU
		{5EDD67D1-0CEE-48BE-8117-40036F0423C3}.Debug|Any CPU.ActiveCfg = Debug|Any CPU
		{5EDD67D1-0CEE-48BE-8117-40036F0423C3}.Debug|Any CPU.Build.0 = Debug|Any CPU
		{5EDD67D1-0CEE-48BE-8117-40036F0423C3}.Release|Any CPU.ActiveCfg = Release|Any CPU
		{5EDD67D1-0CEE-48BE-8117-40036F0423C3}.Release|Any CPU.Build.0 = Release|Any CPU
		{5313800B-29C3-46EF-BD4E-01CA6924AEEB}.Debug|Any CPU.ActiveCfg = Debug|Any CPU
		{5313800B-29C3-46EF-BD4E-01CA6924AEEB}.Debug|Any CPU.Build.0 = Debug|Any CPU
		{5313800B-29C3-46EF-BD4E-01CA6924AEEB}.Release|Any CPU.ActiveCfg = Release|Any CPU
		{5313800B-29C3-46EF-BD4E-01CA6924AEEB}.Release|Any CPU.Build.0 = Release|Any CPU
		{8550F9DB-DF76-4C7E-840D-36BFA606ADEA}.Debug|Any CPU.ActiveCfg = Debug|Any CPU
		{8550F9DB-DF76-4C7E-840D-36BFA606ADEA}.Debug|Any CPU.Build.0 = Debug|Any CPU
		{8550F9DB-DF76-4C7E-840D-36BFA606ADEA}.Release|Any CPU.ActiveCfg = Release|Any CPU
		{8550F9DB-DF76-4C7E-840D-36BFA606ADEA}.Release|Any CPU.Build.0 = Release|Any CPU
		{B3202A09-D26B-4573-9FB4-9CAC0ACA6F14}.Debug|Any CPU.ActiveCfg = Debug|Any CPU
		{B3202A09-D26B-4573-9FB4-9CAC0ACA6F14}.Debug|Any CPU.Build.0 = Debug|Any CPU
		{B3202A09-D26B-4573-9FB4-9CAC0ACA6F14}.Release|Any CPU.ActiveCfg = Release|Any CPU
		{B3202A09-D26B-4573-9FB4-9CAC0ACA6F14}.Release|Any CPU.Build.0 = Release|Any CPU
		{F37EF014-A9F4-4833-8E81-90189C359359}.Debug|Any CPU.ActiveCfg = Debug|Any CPU
		{F37EF014-A9F4-4833-8E81-90189C359359}.Debug|Any CPU.Build.0 = Debug|Any CPU
		{F37EF014-A9F4-4833-8E81-90189C359359}.Release|Any CPU.ActiveCfg = Release|Any CPU
		{F37EF014-A9F4-4833-8E81-90189C359359}.Release|Any CPU.Build.0 = Release|Any CPU
		{8160DB60-0F83-4C54-854B-A860557BFF24}.Debug|Any CPU.ActiveCfg = Debug|Any CPU
		{8160DB60-0F83-4C54-854B-A860557BFF24}.Debug|Any CPU.Build.0 = Debug|Any CPU
		{8160DB60-0F83-4C54-854B-A860557BFF24}.Release|Any CPU.ActiveCfg = Release|Any CPU
		{8160DB60-0F83-4C54-854B-A860557BFF24}.Release|Any CPU.Build.0 = Release|Any CPU
		{272A5539-5263-4291-A82E-C019266DF9EE}.Debug|Any CPU.ActiveCfg = Debug|Any CPU
		{272A5539-5263-4291-A82E-C019266DF9EE}.Debug|Any CPU.Build.0 = Debug|Any CPU
		{272A5539-5263-4291-A82E-C019266DF9EE}.Release|Any CPU.ActiveCfg = Release|Any CPU
		{272A5539-5263-4291-A82E-C019266DF9EE}.Release|Any CPU.Build.0 = Release|Any CPU
		{597A4607-E8DE-42B0-932D-A23C7EDBEF6A}.Debug|Any CPU.ActiveCfg = Debug|Any CPU
		{597A4607-E8DE-42B0-932D-A23C7EDBEF6A}.Debug|Any CPU.Build.0 = Debug|Any CPU
		{597A4607-E8DE-42B0-932D-A23C7EDBEF6A}.Release|Any CPU.ActiveCfg = Release|Any CPU
		{597A4607-E8DE-42B0-932D-A23C7EDBEF6A}.Release|Any CPU.Build.0 = Release|Any CPU
	EndGlobalSection
	GlobalSection(SolutionProperties) = preSolution
		HideSolutionNode = FALSE
	EndGlobalSection
	GlobalSection(NestedProjects) = preSolution
		{3C8BA72C-DEB5-4BE6-B0F2-599493049B00} = {2545FDEF-37CF-49C6-A0A9-4C8F4D049C2B}
		{24881920-114F-41AB-BD2B-EBF0232572B2} = {DE18369F-CA23-4BB1-B10C-BD8728D08F7B}
		{EBF2FEFA-D67D-4D33-A9B9-59310A2300A7} = {755ADE1C-EA3B-4941-A7AE-1B3D830F17A1}
		{CDF40C8F-E513-42E0-9276-0046067411C7} = {755ADE1C-EA3B-4941-A7AE-1B3D830F17A1}
		{2129DEED-FBE8-482E-A714-5F2DD69E9FE7} = {755ADE1C-EA3B-4941-A7AE-1B3D830F17A1}
		{23AF1CBB-CD71-4EAB-9B04-52093E890103} = {39FBBFBE-34F3-444B-BD0F-D41CACE04CB3}
		{B9276D3F-D95B-46B2-BEC2-FC31F7EBDF6B} = {39FBBFBE-34F3-444B-BD0F-D41CACE04CB3}
		{2F0FE133-1796-4417-8D42-015D957675D7} = {39FBBFBE-34F3-444B-BD0F-D41CACE04CB3}
		{5CDEBC16-7D10-4F32-901D-E5AFCCAE33E4} = {6BD6DB4E-B361-4251-9921-A9E0A1DFE848}
		{E64E437E-896A-4FD7-955B-F81B99C5A25B} = {6BD6DB4E-B361-4251-9921-A9E0A1DFE848}
		{4587ED45-EB71-4F66-AFCA-EB4B3A0C1955} = {6BD6DB4E-B361-4251-9921-A9E0A1DFE848}
		{158DCE4D-2BC7-4362-BB73-73DA0337E538} = {9B88B50C-21F7-4F75-A242-B1E36AD0CF9E}
		{5EDD67D1-0CEE-48BE-8117-40036F0423C3} = {9B88B50C-21F7-4F75-A242-B1E36AD0CF9E}
		{5313800B-29C3-46EF-BD4E-01CA6924AEEB} = {9B88B50C-21F7-4F75-A242-B1E36AD0CF9E}
		{8550F9DB-DF76-4C7E-840D-36BFA606ADEA} = {788C98CA-F020-4980-BF4D-6FA1333E2C1A}
		{B3202A09-D26B-4573-9FB4-9CAC0ACA6F14} = {788C98CA-F020-4980-BF4D-6FA1333E2C1A}
		{F37EF014-A9F4-4833-8E81-90189C359359} = {788C98CA-F020-4980-BF4D-6FA1333E2C1A}
		{8160DB60-0F83-4C54-854B-A860557BFF24} = {A3007D0C-0C8F-4603-A7BA-E6CC84697187}
		{272A5539-5263-4291-A82E-C019266DF9EE} = {A3007D0C-0C8F-4603-A7BA-E6CC84697187}
		{597A4607-E8DE-42B0-932D-A23C7EDBEF6A} = {A3007D0C-0C8F-4603-A7BA-E6CC84697187}
	EndGlobalSection
	GlobalSection(ExtensibilityGlobals) = postSolution
		SolutionGuid = {49E966CA-0BB8-4F4B-92AB-A4F1C67BFAC3}
	EndGlobalSection
EndGlobal
